
Microsoft Visual Studio Solution File, Format Version 11.00
# Visual Studio 2010
Project("{FAE04EC0-301F-11D3-BF4B-00C04F79EFBC}") = "Uncas.BuildPipeline.Web", "src\Uncas.BuildPipeline.Web\Uncas.BuildPipeline.Web.csproj", "{DB341F51-D746-46C5-B160-359306739736}"
EndProject
Project("{FAE04EC0-301F-11D3-BF4B-00C04F79EFBC}") = "Uncas.BuildPipeline.Tests.Unit", "test\Uncas.BuildPipeline.Tests.Unit\Uncas.BuildPipeline.Tests.Unit.csproj", "{C0066A3B-97D4-4E46-88B1-44F2F1FABB3A}"
EndProject
Project("{FAE04EC0-301F-11D3-BF4B-00C04F79EFBC}") = "Uncas.BuildPipeline.Tests.Integration", "test\Uncas.BuildPipeline.Tests.Integration\Uncas.BuildPipeline.Tests.Integration.csproj", "{E106A73C-20C3-4110-8BBE-2C891AA0BA7C}"
EndProject
Project("{FAE04EC0-301F-11D3-BF4B-00C04F79EFBC}") = "Uncas.BuildPipeline", "src\Uncas.BuildPipeline\Uncas.BuildPipeline.csproj", "{742A2BCE-EC0B-4DA3-A31B-89F84351ECB2}"
EndProject
Project("{2150E333-8FDC-42A3-9474-1A3956D46DE8}") = "3 - Tests", "3 - Tests", "{2DCB7954-4EE8-42DD-B21C-C54EE0BB0559}"
EndProject
Project("{2150E333-8FDC-42A3-9474-1A3956D46DE8}") = "1 - User Interface Layer", "1 - User Interface Layer", "{B1E7DDFA-C632-4404-B75E-A72E7E778AF1}"
EndProject
Project("{2150E333-8FDC-42A3-9474-1A3956D46DE8}") = "2 - Shared Layer", "2 - Shared Layer", "{3519CDB6-E336-468C-81CF-CCFE51E3AD1C}"
EndProject
Project("{FAE04EC0-301F-11D3-BF4B-00C04F79EFBC}") = "Uncas.BuildPipeline.WindowsService", "src\Uncas.BuildPipeline.WindowsService\Uncas.BuildPipeline.WindowsService.csproj", "{A33479F9-3FC5-44C6-857E-2EDDB3B09E14}"
EndProject
Global
	GlobalSection(SolutionConfigurationPlatforms) = preSolution
		Debug|Any CPU = Debug|Any CPU
		Debug|Mixed Platforms = Debug|Mixed Platforms
		Debug|x86 = Debug|x86
		Release|Any CPU = Release|Any CPU
		Release|Mixed Platforms = Release|Mixed Platforms
		Release|x86 = Release|x86
	EndGlobalSection
	GlobalSection(ProjectConfigurationPlatforms) = postSolution
		{DB341F51-D746-46C5-B160-359306739736}.Debug|Any CPU.ActiveCfg = Debug|Any CPU
		{DB341F51-D746-46C5-B160-359306739736}.Debug|Any CPU.Build.0 = Debug|Any CPU
		{DB341F51-D746-46C5-B160-359306739736}.Debug|Mixed Platforms.ActiveCfg = Debug|x86
		{DB341F51-D746-46C5-B160-359306739736}.Debug|Mixed Platforms.Build.0 = Debug|x86
		{DB341F51-D746-46C5-B160-359306739736}.Debug|x86.ActiveCfg = Debug|Any CPU
		{DB341F51-D746-46C5-B160-359306739736}.Release|Any CPU.ActiveCfg = Release|Any CPU
		{DB341F51-D746-46C5-B160-359306739736}.Release|Any CPU.Build.0 = Release|Any CPU
		{DB341F51-D746-46C5-B160-359306739736}.Release|Mixed Platforms.ActiveCfg = Release|Any CPU
		{DB341F51-D746-46C5-B160-359306739736}.Release|Mixed Platforms.Build.0 = Release|Any CPU
		{DB341F51-D746-46C5-B160-359306739736}.Release|x86.ActiveCfg = Release|Any CPU
		{C0066A3B-97D4-4E46-88B1-44F2F1FABB3A}.Debug|Any CPU.ActiveCfg = Debug|Any CPU
		{C0066A3B-97D4-4E46-88B1-44F2F1FABB3A}.Debug|Any CPU.Build.0 = Debug|Any CPU
		{C0066A3B-97D4-4E46-88B1-44F2F1FABB3A}.Debug|Mixed Platforms.ActiveCfg = Debug|x86
		{C0066A3B-97D4-4E46-88B1-44F2F1FABB3A}.Debug|Mixed Platforms.Build.0 = Debug|x86
		{C0066A3B-97D4-4E46-88B1-44F2F1FABB3A}.Debug|x86.ActiveCfg = Debug|Any CPU
		{C0066A3B-97D4-4E46-88B1-44F2F1FABB3A}.Release|Any CPU.ActiveCfg = Release|Any CPU
		{C0066A3B-97D4-4E46-88B1-44F2F1FABB3A}.Release|Any CPU.Build.0 = Release|Any CPU
		{C0066A3B-97D4-4E46-88B1-44F2F1FABB3A}.Release|Mixed Platforms.ActiveCfg = Release|Any CPU
		{C0066A3B-97D4-4E46-88B1-44F2F1FABB3A}.Release|Mixed Platforms.Build.0 = Release|Any CPU
		{C0066A3B-97D4-4E46-88B1-44F2F1FABB3A}.Release|x86.ActiveCfg = Release|Any CPU
		{E106A73C-20C3-4110-8BBE-2C891AA0BA7C}.Debug|Any CPU.ActiveCfg = Debug|Any CPU
		{E106A73C-20C3-4110-8BBE-2C891AA0BA7C}.Debug|Any CPU.Build.0 = Debug|Any CPU
		{E106A73C-20C3-4110-8BBE-2C891AA0BA7C}.Debug|Mixed Platforms.ActiveCfg = Debug|x86
		{E106A73C-20C3-4110-8BBE-2C891AA0BA7C}.Debug|Mixed Platforms.Build.0 = Debug|x86
		{E106A73C-20C3-4110-8BBE-2C891AA0BA7C}.Debug|x86.ActiveCfg = Debug|Any CPU
		{E106A73C-20C3-4110-8BBE-2C891AA0BA7C}.Release|Any CPU.ActiveCfg = Release|Any CPU
		{E106A73C-20C3-4110-8BBE-2C891AA0BA7C}.Release|Any CPU.Build.0 = Release|Any CPU
		{E106A73C-20C3-4110-8BBE-2C891AA0BA7C}.Release|Mixed Platforms.ActiveCfg = Release|Any CPU
		{E106A73C-20C3-4110-8BBE-2C891AA0BA7C}.Release|Mixed Platforms.Build.0 = Release|Any CPU
		{E106A73C-20C3-4110-8BBE-2C891AA0BA7C}.Release|x86.ActiveCfg = Release|Any CPU
		{742A2BCE-EC0B-4DA3-A31B-89F84351ECB2}.Debug|Any CPU.ActiveCfg = Debug|Any CPU
		{742A2BCE-EC0B-4DA3-A31B-89F84351ECB2}.Debug|Any CPU.Build.0 = Debug|Any CPU
		{742A2BCE-EC0B-4DA3-A31B-89F84351ECB2}.Debug|Mixed Platforms.ActiveCfg = Debug|x86
		{742A2BCE-EC0B-4DA3-A31B-89F84351ECB2}.Debug|Mixed Platforms.Build.0 = Debug|x86
		{742A2BCE-EC0B-4DA3-A31B-89F84351ECB2}.Debug|x86.ActiveCfg = Debug|Any CPU
		{742A2BCE-EC0B-4DA3-A31B-89F84351ECB2}.Release|Any CPU.ActiveCfg = Release|Any CPU
		{742A2BCE-EC0B-4DA3-A31B-89F84351ECB2}.Release|Any CPU.Build.0 = Release|Any CPU
		{742A2BCE-EC0B-4DA3-A31B-89F84351ECB2}.Release|Mixed Platforms.ActiveCfg = Release|Any CPU
		{742A2BCE-EC0B-4DA3-A31B-89F84351ECB2}.Release|Mixed Platforms.Build.0 = Release|Any CPU
		{742A2BCE-EC0B-4DA3-A31B-89F84351ECB2}.Release|x86.ActiveCfg = Release|Any CPU
		{A33479F9-3FC5-44C6-857E-2EDDB3B09E14}.Debug|Any CPU.ActiveCfg = Debug|x86
		{A33479F9-3FC5-44C6-857E-2EDDB3B09E14}.Debug|Mixed Platforms.ActiveCfg = Debug|x86
		{A33479F9-3FC5-44C6-857E-2EDDB3B09E14}.Debug|Mixed Platforms.Build.0 = Debug|x86
		{A33479F9-3FC5-44C6-857E-2EDDB3B09E14}.Debug|x86.ActiveCfg = Debug|x86
		{A33479F9-3FC5-44C6-857E-2EDDB3B09E14}.Debug|x86.Build.0 = Debug|x86
		{A33479F9-3FC5-44C6-857E-2EDDB3B09E14}.Release|Any CPU.ActiveCfg = Release|x86
		{A33479F9-3FC5-44C6-857E-2EDDB3B09E14}.Release|Mixed Platforms.ActiveCfg = Release|x86
		{A33479F9-3FC5-44C6-857E-2EDDB3B09E14}.Release|Mixed Platforms.Build.0 = Release|x86
		{A33479F9-3FC5-44C6-857E-2EDDB3B09E14}.Release|x86.ActiveCfg = Release|x86
		{A33479F9-3FC5-44C6-857E-2EDDB3B09E14}.Release|x86.Build.0 = Release|x86
	EndGlobalSection
	GlobalSection(SolutionProperties) = preSolution
		HideSolutionNode = FALSE
	EndGlobalSection
	GlobalSection(NestedProjects) = preSolution
		{DB341F51-D746-46C5-B160-359306739736} = {B1E7DDFA-C632-4404-B75E-A72E7E778AF1}
		{A33479F9-3FC5-44C6-857E-2EDDB3B09E14} = {B1E7DDFA-C632-4404-B75E-A72E7E778AF1}
		{E106A73C-20C3-4110-8BBE-2C891AA0BA7C} = {2DCB7954-4EE8-42DD-B21C-C54EE0BB0559}
		{C0066A3B-97D4-4E46-88B1-44F2F1FABB3A} = {2DCB7954-4EE8-42DD-B21C-C54EE0BB0559}
		{742A2BCE-EC0B-4DA3-A31B-89F84351ECB2} = {3519CDB6-E336-468C-81CF-CCFE51E3AD1C}
	EndGlobalSection
EndGlobal
